
Microsoft Visual Studio Solution File, Format Version 12.00
# Visual Studio Version 16
VisualStudioVersion = 16.0.33027.164
MinimumVisualStudioVersion = 10.0.40219.1
Project("{FAE04EC0-301F-11D3-BF4B-00C04F79EFBC}") = "Jogo da memória", "Jogo da memória\Jogo da memória.csproj", "{F5A70F3B-990F-4274-A9FC-1DBF5A612096}"
EndProject
Global
	GlobalSection(SolutionConfigurationPlatforms) = preSolution
		Debug|Any CPU = Debug|Any CPU
		Release|Any CPU = Release|Any CPU
	EndGlobalSection
	GlobalSection(ProjectConfigurationPlatforms) = postSolution
		{F5A70F3B-990F-4274-A9FC-1DBF5A612096}.Debug|Any CPU.ActiveCfg = Debug|Any CPU
		{F5A70F3B-990F-4274-A9FC-1DBF5A612096}.Debug|Any CPU.Build.0 = Debug|Any CPU
		{F5A70F3B-990F-4274-A9FC-1DBF5A612096}.Release|Any CPU.ActiveCfg = Release|Any CPU
		{F5A70F3B-990F-4274-A9FC-1DBF5A612096}.Release|Any CPU.Build.0 = Release|Any CPU
	EndGlobalSection
	GlobalSection(SolutionProperties) = preSolution
		HideSolutionNode = FALSE
	EndGlobalSection
	GlobalSection(ExtensibilityGlobals) = postSolution
		SolutionGuid = {7CB0FF25-5E64-4BDD-8EB1-7465E278857D}
	EndGlobalSection
EndGlobal
